// !$*UTF8*$!
{
	archiveVersion = 1;
	classes = {
	};
	objectVersion = 52;
	objects = {

/* Begin PBXBuildFile section */
		C391D66C24A17BD4006B7F95 /* AppDelegate.swift in Sources */ = {isa = PBXBuildFile; fileRef = C391D66B24A17BD4006B7F95 /* AppDelegate.swift */; };
		C391D66E24A17BD4006B7F95 /* SceneDelegate.swift in Sources */ = {isa = PBXBuildFile; fileRef = C391D66D24A17BD4006B7F95 /* SceneDelegate.swift */; };
		C391D67024A17BD4006B7F95 /* ViewController.swift in Sources */ = {isa = PBXBuildFile; fileRef = C391D66F24A17BD4006B7F95 /* ViewController.swift */; };
		C391D67324A17BD4006B7F95 /* Main.storyboard in Resources */ = {isa = PBXBuildFile; fileRef = C391D67124A17BD4006B7F95 /* Main.storyboard */; };
		C391D67524A17BD6006B7F95 /* Assets.xcassets in Resources */ = {isa = PBXBuildFile; fileRef = C391D67424A17BD6006B7F95 /* Assets.xcassets */; };
		C391D67824A17BD6006B7F95 /* LaunchScreen.storyboard in Resources */ = {isa = PBXBuildFile; fileRef = C391D67624A17BD6006B7F95 /* LaunchScreen.storyboard */; };
		C391D68C24A17E43006B7F95 /* MacBundle.m in Sources */ = {isa = PBXBuildFile; fileRef = C391D68B24A17E43006B7F95 /* MacBundle.m */; };
		C391D68E24A17EF5006B7F95 /* MacBundle.bundle in Embed PlugIns */ = {isa = PBXBuildFile; fileRef = C391D68424A17C04006B7F95 /* MacBundle.bundle */; platformFilter = maccatalyst; settings = {ATTRIBUTES = (CodeSignOnCopy, RemoveHeadersOnCopy, ); }; };
/* End PBXBuildFile section */

/* Begin PBXContainerItemProxy section */
		C391D68F24A17EF5006B7F95 /* PBXContainerItemProxy */ = {
			isa = PBXContainerItemProxy;
			containerPortal = C391D66024A17BD4006B7F95 /* Project object */;
			proxyType = 1;
			remoteGlobalIDString = C391D68324A17C04006B7F95;
			remoteInfo = MacBundle;
		};
/* End PBXContainerItemProxy section */

/* Begin PBXCopyFilesBuildPhase section */
		C391D69124A17EF5006B7F95 /* Embed PlugIns */ = {
			isa = PBXCopyFilesBuildPhase;
			buildActionMask = 2147483647;
			dstPath = "";
			dstSubfolderSpec = 13;
			files = (
				C391D68E24A17EF5006B7F95 /* MacBundle.bundle in Embed PlugIns */,
			);
			name = "Embed PlugIns";
			runOnlyForDeploymentPostprocessing = 0;
		};
/* End PBXCopyFilesBuildPhase section */

/* Begin PBXFileReference section */
		C391D66824A17BD4006B7F95 /* MacAPIsInCatalyst.app */ = {isa = PBXFileReference; explicitFileType = wrapper.application; includeInIndex = 0; path = MacAPIsInCatalyst.app; sourceTree = BUILT_PRODUCTS_DIR; };
		C391D66B24A17BD4006B7F95 /* AppDelegate.swift */ = {isa = PBXFileReference; lastKnownFileType = sourcecode.swift; path = AppDelegate.swift; sourceTree = "<group>"; };
		C391D66D24A17BD4006B7F95 /* SceneDelegate.swift */ = {isa = PBXFileReference; lastKnownFileType = sourcecode.swift; path = SceneDelegate.swift; sourceTree = "<group>"; };
		C391D66F24A17BD4006B7F95 /* ViewController.swift */ = {isa = PBXFileReference; lastKnownFileType = sourcecode.swift; path = ViewController.swift; sourceTree = "<group>"; };
		C391D67224A17BD4006B7F95 /* Base */ = {isa = PBXFileReference; lastKnownFileType = file.storyboard; name = Base; path = Base.lproj/Main.storyboard; sourceTree = "<group>"; };
		C391D67424A17BD6006B7F95 /* Assets.xcassets */ = {isa = PBXFileReference; lastKnownFileType = folder.assetcatalog; path = Assets.xcassets; sourceTree = "<group>"; };
		C391D67724A17BD6006B7F95 /* Base */ = {isa = PBXFileReference; lastKnownFileType = file.storyboard; name = Base; path = Base.lproj/LaunchScreen.storyboard; sourceTree = "<group>"; };
		C391D67924A17BD6006B7F95 /* Info.plist */ = {isa = PBXFileReference; lastKnownFileType = text.plist.xml; path = Info.plist; sourceTree = "<group>"; };
		C391D67F24A17BDE006B7F95 /* MacAPIsInCatalyst.entitlements */ = {isa = PBXFileReference; lastKnownFileType = text.plist.entitlements; path = MacAPIsInCatalyst.entitlements; sourceTree = "<group>"; };
		C391D68424A17C04006B7F95 /* MacBundle.bundle */ = {isa = PBXFileReference; explicitFileType = wrapper.cfbundle; includeInIndex = 0; path = MacBundle.bundle; sourceTree = BUILT_PRODUCTS_DIR; };
		C391D68624A17C04006B7F95 /* Info.plist */ = {isa = PBXFileReference; lastKnownFileType = text.plist.xml; path = Info.plist; sourceTree = "<group>"; };
		C391D68A24A17E43006B7F95 /* MacBundle.h */ = {isa = PBXFileReference; lastKnownFileType = sourcecode.c.h; path = MacBundle.h; sourceTree = "<group>"; };
		C391D68B24A17E43006B7F95 /* MacBundle.m */ = {isa = PBXFileReference; lastKnownFileType = sourcecode.c.objc; path = MacBundle.m; sourceTree = "<group>"; };
/* End PBXFileReference section */

/* Begin PBXFrameworksBuildPhase section */
		C391D66524A17BD4006B7F95 /* Frameworks */ = {
			isa = PBXFrameworksBuildPhase;
			buildActionMask = 2147483647;
			files = (
			);
			runOnlyForDeploymentPostprocessing = 0;
		};
		C391D68124A17C04006B7F95 /* Frameworks */ = {
			isa = PBXFrameworksBuildPhase;
			buildActionMask = 2147483647;
			files = (
			);
			runOnlyForDeploymentPostprocessing = 0;
		};
/* End PBXFrameworksBuildPhase section */

/* Begin PBXGroup section */
		C391D65F24A17BD4006B7F95 = {
			isa = PBXGroup;
			children = (
				C391D66A24A17BD4006B7F95 /* MacAPIsInCatalyst */,
				C391D68524A17C04006B7F95 /* MacBundle */,
				C391D66924A17BD4006B7F95 /* Products */,
				C391D68D24A17EF5006B7F95 /* Frameworks */,
			);
			sourceTree = "<group>";
		};
		C391D66924A17BD4006B7F95 /* Products */ = {
			isa = PBXGroup;
			children = (
				C391D66824A17BD4006B7F95 /* MacAPIsInCatalyst.app */,
				C391D68424A17C04006B7F95 /* MacBundle.bundle */,
			);
			name = Products;
			sourceTree = "<group>";
		};
		C391D66A24A17BD4006B7F95 /* MacAPIsInCatalyst */ = {
			isa = PBXGroup;
			children = (
				C391D67F24A17BDE006B7F95 /* MacAPIsInCatalyst.entitlements */,
				C391D66B24A17BD4006B7F95 /* AppDelegate.swift */,
				C391D66D24A17BD4006B7F95 /* SceneDelegate.swift */,
				C391D66F24A17BD4006B7F95 /* ViewController.swift */,
				C391D67124A17BD4006B7F95 /* Main.storyboard */,
				C391D67424A17BD6006B7F95 /* Assets.xcassets */,
				C391D67624A17BD6006B7F95 /* LaunchScreen.storyboard */,
				C391D67924A17BD6006B7F95 /* Info.plist */,
			);
			path = MacAPIsInCatalyst;
			sourceTree = "<group>";
		};
		C391D68524A17C04006B7F95 /* MacBundle */ = {
			isa = PBXGroup;
			children = (
				C391D68624A17C04006B7F95 /* Info.plist */,
				C391D68A24A17E43006B7F95 /* MacBundle.h */,
				C391D68B24A17E43006B7F95 /* MacBundle.m */,
			);
			path = MacBundle;
			sourceTree = "<group>";
		};
		C391D68D24A17EF5006B7F95 /* Frameworks */ = {
			isa = PBXGroup;
			children = (
			);
			name = Frameworks;
			sourceTree = "<group>";
		};
/* End PBXGroup section */

/* Begin PBXNativeTarget section */
		C391D66724A17BD4006B7F95 /* MacAPIsInCatalyst */ = {
			isa = PBXNativeTarget;
			buildConfigurationList = C391D67C24A17BD6006B7F95 /* Build configuration list for PBXNativeTarget "MacAPIsInCatalyst" */;
			buildPhases = (
				C391D66424A17BD4006B7F95 /* Sources */,
				C391D66524A17BD4006B7F95 /* Frameworks */,
				C391D66624A17BD4006B7F95 /* Resources */,
				C391D69124A17EF5006B7F95 /* Embed PlugIns */,
			);
			buildRules = (
			);
			dependencies = (
				C391D69024A17EF5006B7F95 /* PBXTargetDependency */,
			);
			name = MacAPIsInCatalyst;
			productName = MacAPIsInCatalyst;
			productReference = C391D66824A17BD4006B7F95 /* MacAPIsInCatalyst.app */;
			productType = "com.apple.product-type.application";
		};
		C391D68324A17C04006B7F95 /* MacBundle */ = {
			isa = PBXNativeTarget;
			buildConfigurationList = C391D68724A17C04006B7F95 /* Build configuration list for PBXNativeTarget "MacBundle" */;
			buildPhases = (
				C391D68024A17C04006B7F95 /* Sources */,
				C391D68124A17C04006B7F95 /* Frameworks */,
				C391D68224A17C04006B7F95 /* Resources */,
			);
			buildRules = (
			);
			dependencies = (
			);
			name = MacBundle;
			productName = MacBundle;
			productReference = C391D68424A17C04006B7F95 /* MacBundle.bundle */;
			productType = "com.apple.product-type.bundle";
		};
/* End PBXNativeTarget section */

/* Begin PBXProject section */
		C391D66024A17BD4006B7F95 /* Project object */ = {
			isa = PBXProject;
			attributes = {
				LastSwiftUpdateCheck = 1150;
				LastUpgradeCheck = 1150;
				ORGANIZATIONNAME = "Ten Minute Wait";
				TargetAttributes = {
					C391D66724A17BD4006B7F95 = {
						CreatedOnToolsVersion = 11.5;
					};
					C391D68324A17C04006B7F95 = {
						CreatedOnToolsVersion = 11.5;
					};
				};
			};
			buildConfigurationList = C391D66324A17BD4006B7F95 /* Build configuration list for PBXProject "MacAPIsInCatalyst" */;
			compatibilityVersion = "Xcode 9.3";
			developmentRegion = en;
			hasScannedForEncodings = 0;
			knownRegions = (
				en,
				Base,
			);
			mainGroup = C391D65F24A17BD4006B7F95;
			productRefGroup = C391D66924A17BD4006B7F95 /* Products */;
			projectDirPath = "";
			projectRoot = "";
			targets = (
				C391D66724A17BD4006B7F95 /* MacAPIsInCatalyst */,
				C391D68324A17C04006B7F95 /* MacBundle */,
			);
		};
/* End PBXProject section */

/* Begin PBXResourcesBuildPhase section */
		C391D66624A17BD4006B7F95 /* Resources */ = {
			isa = PBXResourcesBuildPhase;
			buildActionMask = 2147483647;
			files = (
				C391D67824A17BD6006B7F95 /* LaunchScreen.storyboard in Resources */,
				C391D67524A17BD6006B7F95 /* Assets.xcassets in Resources */,
				C391D67324A17BD4006B7F95 /* Main.storyboard in Resources */,
			);
			runOnlyForDeploymentPostprocessing = 0;
		};
		C391D68224A17C04006B7F95 /* Resources */ = {
			isa = PBXResourcesBuildPhase;
			buildActionMask = 2147483647;
			files = (
			);
			runOnlyForDeploymentPostprocessing = 0;
		};
/* End PBXResourcesBuildPhase section */

/* Begin PBXSourcesBuildPhase section */
		C391D66424A17BD4006B7F95 /* Sources */ = {
			isa = PBXSourcesBuildPhase;
			buildActionMask = 2147483647;
			files = (
				C391D67024A17BD4006B7F95 /* ViewController.swift in Sources */,
				C391D66C24A17BD4006B7F95 /* AppDelegate.swift in Sources */,
				C391D66E24A17BD4006B7F95 /* SceneDelegate.swift in Sources */,
			);
			runOnlyForDeploymentPostprocessing = 0;
		};
		C391D68024A17C04006B7F95 /* Sources */ = {
			isa = PBXSourcesBuildPhase;
			buildActionMask = 2147483647;
			files = (
				C391D68C24A17E43006B7F95 /* MacBundle.m in Sources */,
			);
			runOnlyForDeploymentPostprocessing = 0;
		};
/* End PBXSourcesBuildPhase section */

/* Begin PBXTargetDependency section */
		C391D69024A17EF5006B7F95 /* PBXTargetDependency */ = {
			isa = PBXTargetDependency;
			platformFilter = maccatalyst;
			target = C391D68324A17C04006B7F95 /* MacBundle */;
			targetProxy = C391D68F24A17EF5006B7F95 /* PBXContainerItemProxy */;
		};
/* End PBXTargetDependency section */

/* Begin PBXVariantGroup section */
		C391D67124A17BD4006B7F95 /* Main.storyboard */ = {
			isa = PBXVariantGroup;
			children = (
				C391D67224A17BD4006B7F95 /* Base */,
			);
			name = Main.storyboard;
			sourceTree = "<group>";
		};
		C391D67624A17BD6006B7F95 /* LaunchScreen.storyboard */ = {
			isa = PBXVariantGroup;
			children = (
				C391D67724A17BD6006B7F95 /* Base */,
			);
			name = LaunchScreen.storyboard;
			sourceTree = "<group>";
		};
/* End PBXVariantGroup section */

/* Begin XCBuildConfiguration section */
		C391D67A24A17BD6006B7F95 /* Debug */ = {
			isa = XCBuildConfiguration;
			buildSettings = {
				ALWAYS_SEARCH_USER_PATHS = NO;
				CLANG_ANALYZER_NONNULL = YES;
				CLANG_ANALYZER_NUMBER_OBJECT_CONVERSION = YES_AGGRESSIVE;
				CLANG_CXX_LANGUAGE_STANDARD = "gnu++14";
				CLANG_CXX_LIBRARY = "libc++";
				CLANG_ENABLE_MODULES = YES;
				CLANG_ENABLE_OBJC_ARC = YES;
				CLANG_ENABLE_OBJC_WEAK = YES;
				CLANG_WARN_BLOCK_CAPTURE_AUTORELEASING = YES;
				CLANG_WARN_BOOL_CONVERSION = YES;
				CLANG_WARN_COMMA = YES;
				CLANG_WARN_CONSTANT_CONVERSION = YES;
				CLANG_WARN_DEPRECATED_OBJC_IMPLEMENTATIONS = YES;
				CLANG_WARN_DIRECT_OBJC_ISA_USAGE = YES_ERROR;
				CLANG_WARN_DOCUMENTATION_COMMENTS = YES;
				CLANG_WARN_EMPTY_BODY = YES;
				CLANG_WARN_ENUM_CONVERSION = YES;
				CLANG_WARN_INFINITE_RECURSION = YES;
				CLANG_WARN_INT_CONVERSION = YES;
				CLANG_WARN_NON_LITERAL_NULL_CONVERSION = YES;
				CLANG_WARN_OBJC_IMPLICIT_RETAIN_SELF = YES;
				CLANG_WARN_OBJC_LITERAL_CONVERSION = YES;
				CLANG_WARN_OBJC_ROOT_CLASS = YES_ERROR;
				CLANG_WARN_RANGE_LOOP_ANALYSIS = YES;
				CLANG_WARN_STRICT_PROTOTYPES = YES;
				CLANG_WARN_SUSPICIOUS_MOVE = YES;
				CLANG_WARN_UNGUARDED_AVAILABILITY = YES_AGGRESSIVE;
				CLANG_WARN_UNREACHABLE_CODE = YES;
				CLANG_WARN__DUPLICATE_METHOD_MATCH = YES;
				COPY_PHASE_STRIP = NO;
				DEBUG_INFORMATION_FORMAT = dwarf;
				ENABLE_STRICT_OBJC_MSGSEND = YES;
				ENABLE_TESTABILITY = YES;
				GCC_C_LANGUAGE_STANDARD = gnu11;
				GCC_DYNAMIC_NO_PIC = NO;
				GCC_NO_COMMON_BLOCKS = YES;
				GCC_OPTIMIZATION_LEVEL = 0;
				GCC_PREPROCESSOR_DEFINITIONS = (
					"DEBUG=1",
					"$(inherited)",
				);
				GCC_WARN_64_TO_32_BIT_CONVERSION = YES;
				GCC_WARN_ABOUT_RETURN_TYPE = YES_ERROR;
				GCC_WARN_UNDECLARED_SELECTOR = YES;
				GCC_WARN_UNINITIALIZED_AUTOS = YES_AGGRESSIVE;
				GCC_WARN_UNUSED_FUNCTION = YES;
				GCC_WARN_UNUSED_VARIABLE = YES;
				IPHONEOS_DEPLOYMENT_TARGET = 13.5;
				MTL_ENABLE_DEBUG_INFO = INCLUDE_SOURCE;
				MTL_FAST_MATH = YES;
				ONLY_ACTIVE_ARCH = YES;
				SDKROOT = iphoneos;
				SWIFT_ACTIVE_COMPILATION_CONDITIONS = DEBUG;
				SWIFT_OPTIMIZATION_LEVEL = "-Onone";
			};
			name = Debug;
		};
		C391D67B24A17BD6006B7F95 /* Release */ = {
			isa = XCBuildConfiguration;
			buildSettings = {
				ALWAYS_SEARCH_USER_PATHS = NO;
				CLANG_ANALYZER_NONNULL = YES;
				CLANG_ANALYZER_NUMBER_OBJECT_CONVERSION = YES_AGGRESSIVE;
				CLANG_CXX_LANGUAGE_STANDARD = "gnu++14";
				CLANG_CXX_LIBRARY = "libc++";
				CLANG_ENABLE_MODULES = YES;
				CLANG_ENABLE_OBJC_ARC = YES;
				CLANG_ENABLE_OBJC_WEAK = YES;
				CLANG_WARN_BLOCK_CAPTURE_AUTORELEASING = YES;
				CLANG_WARN_BOOL_CONVERSION = YES;
				CLANG_WARN_COMMA = YES;
				CLANG_WARN_CONSTANT_CONVERSION = YES;
				CLANG_WARN_DEPRECATED_OBJC_IMPLEMENTATIONS = YES;
				CLANG_WARN_DIRECT_OBJC_ISA_USAGE = YES_ERROR;
				CLANG_WARN_DOCUMENTATION_COMMENTS = YES;
				CLANG_WARN_EMPTY_BODY = YES;
				CLANG_WARN_ENUM_CONVERSION = YES;
				CLANG_WARN_INFINITE_RECURSION = YES;
				CLANG_WARN_INT_CONVERSION = YES;
				CLANG_WARN_NON_LITERAL_NULL_CONVERSION = YES;
				CLANG_WARN_OBJC_IMPLICIT_RETAIN_SELF = YES;
				CLANG_WARN_OBJC_LITERAL_CONVERSION = YES;
				CLANG_WARN_OBJC_ROOT_CLASS = YES_ERROR;
				CLANG_WARN_RANGE_LOOP_ANALYSIS = YES;
				CLANG_WARN_STRICT_PROTOTYPES = YES;
				CLANG_WARN_SUSPICIOUS_MOVE = YES;
				CLANG_WARN_UNGUARDED_AVAILABILITY = YES_AGGRESSIVE;
				CLANG_WARN_UNREACHABLE_CODE = YES;
				CLANG_WARN__DUPLICATE_METHOD_MATCH = YES;
				COPY_PHASE_STRIP = NO;
				DEBUG_INFORMATION_FORMAT = "dwarf-with-dsym";
				ENABLE_NS_ASSERTIONS = NO;
				ENABLE_STRICT_OBJC_MSGSEND = YES;
				GCC_C_LANGUAGE_STANDARD = gnu11;
				GCC_NO_COMMON_BLOCKS = YES;
				GCC_WARN_64_TO_32_BIT_CONVERSION = YES;
				GCC_WARN_ABOUT_RETURN_TYPE = YES_ERROR;
				GCC_WARN_UNDECLARED_SELECTOR = YES;
				GCC_WARN_UNINITIALIZED_AUTOS = YES_AGGRESSIVE;
				GCC_WARN_UNUSED_FUNCTION = YES;
				GCC_WARN_UNUSED_VARIABLE = YES;
				IPHONEOS_DEPLOYMENT_TARGET = 13.5;
				MTL_ENABLE_DEBUG_INFO = NO;
				MTL_FAST_MATH = YES;
				SDKROOT = iphoneos;
				SWIFT_COMPILATION_MODE = wholemodule;
				SWIFT_OPTIMIZATION_LEVEL = "-O";
				VALIDATE_PRODUCT = YES;
			};
			name = Release;
		};
		C391D67D24A17BD6006B7F95 /* Debug */ = {
			isa = XCBuildConfiguration;
			buildSettings = {
				ASSETCATALOG_COMPILER_APPICON_NAME = AppIcon;
				CODE_SIGN_ENTITLEMENTS = MacAPIsInCatalyst/MacAPIsInCatalyst.entitlements;
				CODE_SIGN_STYLE = Automatic;
				DEVELOPMENT_TEAM = 4337ZFV4M9;
				INFOPLIST_FILE = MacAPIsInCatalyst/Info.plist;
				LD_RUNPATH_SEARCH_PATHS = (
					"$(inherited)",
					"@executable_path/Frameworks",
				);
				PRODUCT_BUNDLE_IDENTIFIER = com.tenminutewait.MacAPIsInCatalyst;
				PRODUCT_NAME = "$(TARGET_NAME)";
				SUPPORTS_MACCATALYST = YES;
				SWIFT_VERSION = 5.0;
				TARGETED_DEVICE_FAMILY = "1,2";
			};
			name = Debug;
		};
		C391D67E24A17BD6006B7F95 /* Release */ = {
			isa = XCBuildConfiguration;
			buildSettings = {
				ASSETCATALOG_COMPILER_APPICON_NAME = AppIcon;
				CODE_SIGN_ENTITLEMENTS = MacAPIsInCatalyst/MacAPIsInCatalyst.entitlements;
				CODE_SIGN_STYLE = Automatic;
				DEVELOPMENT_TEAM = 4337ZFV4M9;
				INFOPLIST_FILE = MacAPIsInCatalyst/Info.plist;
				LD_RUNPATH_SEARCH_PATHS = (
					"$(inherited)",
					"@executable_path/Frameworks",
				);
				PRODUCT_BUNDLE_IDENTIFIER = com.tenminutewait.MacAPIsInCatalyst;
				PRODUCT_NAME = "$(TARGET_NAME)";
				SUPPORTS_MACCATALYST = YES;
				SWIFT_VERSION = 5.0;
				TARGETED_DEVICE_FAMILY = "1,2";
			};
			name = Release;
		};
		C391D68824A17C04006B7F95 /* Debug */ = {
			isa = XCBuildConfiguration;
			buildSettings = {
				CODE_SIGN_STYLE = Automatic;
				COMBINE_HIDPI_IMAGES = YES;
				DEVELOPMENT_TEAM = 4337ZFV4M9;
				INFOPLIST_FILE = MacBundle/Info.plist;
				INSTALL_PATH = "$(LOCAL_LIBRARY_DIR)/Bundles";
				MACOSX_DEPLOYMENT_TARGET = 10.15;
				PRODUCT_BUNDLE_IDENTIFIER = com.tenminutewait.MacBundle;
				PRODUCT_NAME = "$(TARGET_NAME)";
				SDKROOT = macosx;
				SKIP_INSTALL = YES;
				WRAPPER_EXTENSION = bundle;
			};
			name = Debug;
		};
		C391D68924A17C04006B7F95 /* Release */ = {
			isa = XCBuildConfiguration;
			buildSettings = {
				CODE_SIGN_STYLE = Automatic;
				COMBINE_HIDPI_IMAGES = YES;
				DEVELOPMENT_TEAM = 4337ZFV4M9;
				INFOPLIST_FILE = MacBundle/Info.plist;
				INSTALL_PATH = "$(LOCAL_LIBRARY_DIR)/Bundles";
				MACOSX_DEPLOYMENT_TARGET = 10.15;
				PRODUCT_BUNDLE_IDENTIFIER = com.tenminutewait.MacBundle;
				PRODUCT_NAME = "$(TARGET_NAME)";
				SDKROOT = macosx;
				SKIP_INSTALL = YES;
				WRAPPER_EXTENSION = bundle;
			};
			name = Release;
		};
/* End XCBuildConfiguration section */

/* Begin XCConfigurationList section */
		C391D66324A17BD4006B7F95 /* Build configuration list for PBXProject "MacAPIsInCatalyst" */ = {
			isa = XCConfigurationList;
			buildConfigurations = (
				C391D67A24A17BD6006B7F95 /* Debug */,
				C391D67B24A17BD6006B7F95 /* Release */,
			);
			defaultConfigurationIsVisible = 0;
			defaultConfigurationName = Release;
		};
		C391D67C24A17BD6006B7F95 /* Build configuration list for PBXNativeTarget "MacAPIsInCatalyst" */ = {
			isa = XCConfigurationList;
			buildConfigurations = (
				C391D67D24A17BD6006B7F95 /* Debug */,
				C391D67E24A17BD6006B7F95 /* Release */,
			);
			defaultConfigurationIsVisible = 0;
			defaultConfigurationName = Release;
		};
		C391D68724A17C04006B7F95 /* Build configuration list for PBXNativeTarget "MacBundle" */ = {
			isa = XCConfigurationList;
			buildConfigurations = (
				C391D68824A17C04006B7F95 /* Debug */,
				C391D68924A17C04006B7F95 /* Release */,
			);
			defaultConfigurationIsVisible = 0;
			defaultConfigurationName = Release;
		};
/* End XCConfigurationList section */
	};
	rootObject = C391D66024A17BD4006B7F95 /* Project object */;
}
